PODS:
  - app_tracking_transparency (0.0.1):
    - Flutter
  - facebook_app_events (0.0.1):
    - FBAudienceNetwork (= 6.16)
    - FBSDKCoreKit (~> 18.0)
    - Flutter
  - FBAEMKit (18.1.1):
    - FBSDKCoreKit_Basics (= 18.1.1)
  - FBAudienceNetwork (6.16.0)
  - FBSDKCoreKit (18.1.1):
    - FBAEMKit (= 18.1.1)
    - FBSDKCoreKit_Basics (= 18.1.1)
  - FBSDKCoreKit_Basics (18.1.1)
  - Flutter (1.0.0)
  - image_cropper (0.0.4):
    - Flutter
    - TOCropViewController (~> 2.7.4)
  - permission_handler_apple (9.3.0):
    - Flutter
  - sign_in_with_apple (0.0.1):
    - Flutter
  - tenjin_plugin (1.3.2):
    - Flutter
    - TenjinSDK (= 1.17.1)
  - TenjinSDK (1.17.1)
  - tiktok_events_sdk (0.0.1):
    - Flutter
    - TikTokBusinessSDK
  - TikTokBusinessSDK (1.7.2)
  - TOCropViewController (2.7.4)

DEPENDENCIES:
  - app_tracking_transparency (from `.symlinks/plugins/app_tracking_transparency/ios`)
  - facebook_app_events (from `.symlinks/plugins/facebook_app_events/ios`)
  - Flutter (from `Flutter`)
  - image_cropper (from `.symlinks/plugins/image_cropper/ios`)
  - permission_handler_apple (from `.symlinks/plugins/permission_handler_apple/ios`)
  - sign_in_with_apple (from `.symlinks/plugins/sign_in_with_apple/ios`)
  - tenjin_plugin (from `.symlinks/plugins/tenjin_plugin/ios`)
  - tiktok_events_sdk (from `.symlinks/plugins/tiktok_events_sdk/ios`)

SPEC REPOS:
  trunk:
    - FBAEMKit
    - FBAudienceNetwork
    - FBSDKCoreKit
    - FBSDKCoreKit_Basics
    - TenjinSDK
    - TikTokBusinessSDK
    - TOCropViewController

EXTERNAL SOURCES:
  app_tracking_transparency:
    :path: ".symlinks/plugins/app_tracking_transparency/ios"
  facebook_app_events:
    :path: ".symlinks/plugins/facebook_app_events/ios"
  Flutter:
    :path: Flutter
  image_cropper:
    :path: ".symlinks/plugins/image_cropper/ios"
  permission_handler_apple:
    :path: ".symlinks/plugins/permission_handler_apple/ios"
  sign_in_with_apple:
    :path: ".symlinks/plugins/sign_in_with_apple/ios"
  tenjin_plugin:
    :path: ".symlinks/plugins/tenjin_plugin/ios"
  tiktok_events_sdk:
    :path: ".symlinks/plugins/tiktok_events_sdk/ios"

SPEC CHECKSUMS:
  app_tracking_transparency: 3d84f147f67ca82d3c15355c36b1fa6b66ca7c92
  facebook_app_events: 015d0181fcb1bf667ada2b8f02d0f53b9ea296dc
  FBAEMKit: fbb0a50e13109400d0615e7630a0db26ec6b8206
  FBAudienceNetwork: d1670939884e3a2e0ad98dca98d7e0c841417228
  FBSDKCoreKit: 0063014b3b1f7e975e70b60232b0cf8003839746
  FBSDKCoreKit_Basics: f4a1e0f38769eb71abaf6395b85e015318fcda49
  Flutter: cabc95a1d2626b1b06e7179b784ebcf0c0cde467
  image_cropper: 5f162dcf988100dc1513f9c6b7eb42cd6fbf9156
  permission_handler_apple: 4ed2196e43d0651e8ff7ca3483a069d469701f2d
  sign_in_with_apple: c5dcc141574c8c54d5ac99dd2163c0c72ad22418
  tenjin_plugin: 1ffb76b7078dc61e8faec16fa3b0ab1afdcac9d6
  TenjinSDK: 3d8e6d2619435b3d53721a1523b88ff90b30436d
  tiktok_events_sdk: a17263dc678931e4020dc26c499953851645fd7d
  TikTokBusinessSDK: c8878048daf0c46a0d9e89932359d553ea38096c
  TOCropViewController: 80b8985ad794298fb69d3341de183f33d1853654

PODFILE CHECKSUM: bc508d809133c39d9069430cc1c79d52d4ddeb6e

COCOAPODS: 1.16.2
